Microsoft Visual Studio Solution File, Format Version 11.00
# Visual Studio 2008

Project("{1385A8CB-51C6-5691-77D5-9B207D510C60}") = "RoadsPrototype", "Assembly-CSharp.csproj", "{29B4E4DE-35BC-B1CC-17D5-D2EC12B49DC6}"
EndProject
Project("{1385A8CB-51C6-5691-77D5-9B207D510C60}") = "RoadsPrototype", "Assembly-CSharp-Editor.csproj", "{9C65F2F3-F0A6-3974-5430-E08739F15ABD}"
EndProject
Global
	GlobalSection(SolutionConfigurationPlatforms) = preSolution
		Debug|Any CPU = Debug|Any CPU
		Release|Any CPU = Release|Any CPU
	EndGlobalSection
	GlobalSection(ProjectConfigurationPlatforms) = postSolution
		{29B4E4DE-35BC-B1CC-17D5-D2EC12B49DC6}.Debug|Any CPU.ActiveCfg = Debug|Any CPU
		{29B4E4DE-35BC-B1CC-17D5-D2EC12B49DC6}.Debug|Any CPU.Build.0 = Debug|Any CPU
		{29B4E4DE-35BC-B1CC-17D5-D2EC12B49DC6}.Release|Any CPU.ActiveCfg = Release|Any CPU
		{29B4E4DE-35BC-B1CC-17D5-D2EC12B49DC6}.Release|Any CPU.Build.0 = Release|Any CPU
		{9C65F2F3-F0A6-3974-5430-E08739F15ABD}.Debug|Any CPU.ActiveCfg = Debug|Any CPU
		{9C65F2F3-F0A6-3974-5430-E08739F15ABD}.Debug|Any CPU.Build.0 = Debug|Any CPU
		{9C65F2F3-F0A6-3974-5430-E08739F15ABD}.Release|Any CPU.ActiveCfg = Release|Any CPU
		{9C65F2F3-F0A6-3974-5430-E08739F15ABD}.Release|Any CPU.Build.0 = Release|Any CPU
	EndGlobalSection
	GlobalSection(SolutionProperties) = preSolution
		HideSolutionNode = FALSE
	EndGlobalSection
																GlobalSection(MonoDevelopProperties) = preSolution
		StartupItem = Assembly-CSharp.csproj
		Policies = $0
		$0.TextStylePolicy = $1
		$1.inheritsSet = null
		$1.scope = text/x-csharp
		$0.CSharpFormattingPolicy = $2
		$2.inheritsSet = Mono
		$2.inheritsScope = text/x-csharp
		$2.scope = text/x-csharp
		$0.TextStylePolicy = $3
		$3.FileWidth = 120
		$3.TabWidth = 4
		$3.IndentWidth = 4
		$3.EolMarker = Unix
		$3.inheritsSet = Mono
		$3.inheritsScope = text/plain
		$3.scope = text/plain
	EndGlobalSection

EndGlobal
