
Microsoft Visual Studio Solution File, Format Version 12.00
# Visual Studio 2015
Project("{FAE04EC0-301F-11D3-BF4B-00C04F79EFBC}") = "RoadsPrototype.CSharp", "RoadsPrototype.CSharp.csproj", "{8538C5D7-7BC9-918E-69A3-BFD5BC3EA34E}"
EndProject
Project("{FAE04EC0-301F-11D3-BF4B-00C04F79EFBC}") = "RoadsPrototype.CSharp.Editor", "RoadsPrototype.CSharp.Editor.csproj", "{34D76CDA-BB69-80AA-64F6-956066C0EA55}"
EndProject
Global
	GlobalSection(SolutionConfigurationPlatforms) = preSolution
		Debug|Any CPU = Debug|Any CPU
		Release|Any CPU = Release|Any CPU
	EndGlobalSection
	GlobalSection(ProjectConfigurationPlatforms) = postSolution
		{8538C5D7-7BC9-918E-69A3-BFD5BC3EA34E}.Debug|Any CPU.ActiveCfg = Debug|Any CPU
		{8538C5D7-7BC9-918E-69A3-BFD5BC3EA34E}.Debug|Any CPU.Build.0 = Debug|Any CPU
		{8538C5D7-7BC9-918E-69A3-BFD5BC3EA34E}.Release|Any CPU.ActiveCfg = Release|Any CPU
		{8538C5D7-7BC9-918E-69A3-BFD5BC3EA34E}.Release|Any CPU.Build.0 = Release|Any CPU
		{34D76CDA-BB69-80AA-64F6-956066C0EA55}.Debug|Any CPU.ActiveCfg = Debug|Any CPU
		{34D76CDA-BB69-80AA-64F6-956066C0EA55}.Debug|Any CPU.Build.0 = Debug|Any CPU
		{34D76CDA-BB69-80AA-64F6-956066C0EA55}.Release|Any CPU.ActiveCfg = Release|Any CPU
		{34D76CDA-BB69-80AA-64F6-956066C0EA55}.Release|Any CPU.Build.0 = Release|Any CPU
	EndGlobalSection
	GlobalSection(SolutionProperties) = preSolution
		HideSolutionNode = FALSE
	EndGlobalSection
EndGlobal
